
Microsoft Visual Studio Solution File, Format Version 12.00
# Visual Studio 14
VisualStudioVersion = 14.0.22823.1
MinimumVisualStudioVersion = 10.0.40219.1
Project("{2150E333-8FDC-42A3-9474-1A3956D46DE8}") = "src", "src", "{F6A5C536-0050-4748-8DE1-18BF356E2991}"
EndProject
Project("{2150E333-8FDC-42A3-9474-1A3956D46DE8}") = "Solution Items", "Solution Items", "{C3821F5E-7D8E-4BBC-A604-1534DDF435F5}"
	ProjectSection(SolutionItems) = preProject
		global.json = global.json
	EndProjectSection
EndProject
Project("{8BB2217D-0F2D-49D1-97BC-3654ED321F3B}") = "DependencyInjectionMVC6Demo", "src\DependencyInjectionMVC6Demo\DependencyInjectionMVC6Demo.xproj", "{7867ACAD-4B42-40D2-932C-CF4E1EAA196A}"
EndProject
Global
	GlobalSection(SolutionConfigurationPlatforms) = preSolution
		Debug|Any CPU = Debug|Any CPU
		Release|Any CPU = Release|Any CPU
	EndGlobalSection
	GlobalSection(ProjectConfigurationPlatforms) = postSolution
		{7867ACAD-4B42-40D2-932C-CF4E1EAA196A}.Debug|Any CPU.ActiveCfg = Debug|Any CPU
		{7867ACAD-4B42-40D2-932C-CF4E1EAA196A}.Debug|Any CPU.Build.0 = Debug|Any CPU
		{7867ACAD-4B42-40D2-932C-CF4E1EAA196A}.Release|Any CPU.ActiveCfg = Release|Any CPU
		{7867ACAD-4B42-40D2-932C-CF4E1EAA196A}.Release|Any CPU.Build.0 = Release|Any CPU
	EndGlobalSection
	GlobalSection(SolutionProperties) = preSolution
		HideSolutionNode = FALSE
	EndGlobalSection
	GlobalSection(NestedProjects) = preSolution
		{7867ACAD-4B42-40D2-932C-CF4E1EAA196A} = {F6A5C536-0050-4748-8DE1-18BF356E2991}
	EndGlobalSection
EndGlobal
